
Microsoft Visual Studio Solution File, Format Version 12.00
# Visual Studio Version 17
VisualStudioVersion = 17.1.32328.378
MinimumVisualStudioVersion = 10.0.40219.1
Project("{FAE04EC0-301F-11D3-BF4B-00C04F79EFBC}") = "Проба", "Проба\Проба.csproj", "{80A3F937-E479-4555-B215-BFF39464B776}"
EndProject
Global
	GlobalSection(SolutionConfigurationPlatforms) = preSolution
		Debug|Any CPU = Debug|Any CPU
		Release|Any CPU = Release|Any CPU
	EndGlobalSection
	GlobalSection(ProjectConfigurationPlatforms) = postSolution
		{80A3F937-E479-4555-B215-BFF39464B776}.Debug|Any CPU.ActiveCfg = Debug|Any CPU
		{80A3F937-E479-4555-B215-BFF39464B776}.Debug|Any CPU.Build.0 = Debug|Any CPU
		{80A3F937-E479-4555-B215-BFF39464B776}.Release|Any CPU.ActiveCfg = Release|Any CPU
		{80A3F937-E479-4555-B215-BFF39464B776}.Release|Any CPU.Build.0 = Release|Any CPU
	EndGlobalSection
	GlobalSection(SolutionProperties) = preSolution
		HideSolutionNode = FALSE
	EndGlobalSection
	GlobalSection(ExtensibilityGlobals) = postSolution
		SolutionGuid = {79380333-4378-45D9-B97C-F4A447ED5995}
	EndGlobalSection
EndGlobal
